
Microsoft Visual Studio Solution File, Format Version 12.00
# Visual Studio Version 17
VisualStudioVersion = 17.8.34330.188
MinimumVisualStudioVersion = 10.0.40219.1
Project("{FAE04EC0-301F-11D3-BF4B-00C04F79EFBC}") = "Sol_Demo", "Sol_Demo\Sol_Demo.csproj", "{FCADE60B-798B-4047-BC1F-5DB968E294BF}"
EndProject
Global
	GlobalSection(SolutionConfigurationPlatforms) = preSolution
		Debug|Any CPU = Debug|Any CPU
		Release|Any CPU = Release|Any CPU
	EndGlobalSection
	GlobalSection(ProjectConfigurationPlatforms) = postSolution
		{FCADE60B-798B-4047-BC1F-5DB968E294BF}.Debug|Any CPU.ActiveCfg = Debug|Any CPU
		{FCADE60B-798B-4047-BC1F-5DB968E294BF}.Debug|Any CPU.Build.0 = Debug|Any CPU
		{FCADE60B-798B-4047-BC1F-5DB968E294BF}.Release|Any CPU.ActiveCfg = Release|Any CPU
		{FCADE60B-798B-4047-BC1F-5DB968E294BF}.Release|Any CPU.Build.0 = Release|Any CPU
	EndGlobalSection
	GlobalSection(SolutionProperties) = preSolution
		HideSolutionNode = FALSE
	EndGlobalSection
	GlobalSection(ExtensibilityGlobals) = postSolution
		SolutionGuid = {68EBF8F2-4792-4079-99AA-C15D60C87859}
	EndGlobalSection
EndGlobal
